{
  "requires": true,
  "lockfileVersion": 1,
  "dependencies": {
    "vue": {
      "version": "2.6.11",
      "resolved": "https://registry.npmjs.org/vue/-/vue-2.6.11.tgz",
      "integrity": "sha512-VfPwgcGABbGAue9+sfrD4PuwFar7gPb1yl1UK1MwXoQPAw0BKSqWfoYCT/ThFrdEVWoI51dBuyCoiNU9bZDZxQ=="
    },
    "vue-paginate": {
      "version": "3.6.0",
      "resolved": "https://registry.npmjs.org/vue-paginate/-/vue-paginate-3.6.0.tgz",
      "integrity": "sha512-WEAI7K0JgGYF2svHnBEz7pzOBNtHRJTIdgD2iHb0AJDHztpgGJZEsqgjSmxd4cqXyyGXkXGRdLsnGN/pZImkiQ==",
      "requires": {
        "vue": "2.3.3"
      },
      "dependencies": {
        "vue": {
          "version": "2.3.3",
          "resolved": "https://registry.npmjs.org/vue/-/vue-2.3.3.tgz",
          "integrity": "sha1-0eqo/eUkBzWkVj508sf+rZy7Bkw="
        }
      }
    },
    "vue-sliding-pagination": {
      "version": "1.1.0",
      "resolved": "https://registry.npmjs.org/vue-sliding-pagination/-/vue-sliding-pagination-1.1.0.tgz",
      "integrity": "sha512-Q98wi7dbrlFyhVYqFM3eqrchdBe+0yKBCQtnAxtL0m7pA5Hm7eOopCJV+ndzIM834u4d1UC90wVV3Lj0vwJy3w==",
      "requires": {
        "vue": ">=2.4"
      }
    }
  }
}
